
Microsoft Visual Studio Solution File, Format Version 12.00
# Visual Studio Version 17
VisualStudioVersion = 17.3.32929.385
MinimumVisualStudioVersion = 10.0.40219.1
Project("{9A19103F-16F7-4668-BE54-9A1E7A4F7556}") = "RZHT_Model", "RZHT_Model\RZHT_Model.csproj", "{371EA980-1584-42AB-B5E6-BC58497EE378}"
EndProject
Project("{9A19103F-16F7-4668-BE54-9A1E7A4F7556}") = "View", "TestGUI\View.csproj", "{19F1E154-55CA-4EFE-8905-20F328922581}"
EndProject
Project("{FAE04EC0-301F-11D3-BF4B-00C04F79EFBC}") = "RastrLibrary", "..\..\..\..\..\Учеба\ВКР\Проект пример Rastr + C#\RastrLibrary\RastrLibrary.csproj", "{497A5F6F-B4C2-40CA-8029-6AD4329D8B63}"
EndProject
Global
	GlobalSection(SolutionConfigurationPlatforms) = preSolution
		Debug|Any CPU = Debug|Any CPU
		Release|Any CPU = Release|Any CPU
	EndGlobalSection
	GlobalSection(ProjectConfigurationPlatforms) = postSolution
		{371EA980-1584-42AB-B5E6-BC58497EE378}.Debug|Any CPU.ActiveCfg = Debug|Any CPU
		{371EA980-1584-42AB-B5E6-BC58497EE378}.Debug|Any CPU.Build.0 = Debug|Any CPU
		{371EA980-1584-42AB-B5E6-BC58497EE378}.Release|Any CPU.ActiveCfg = Release|Any CPU
		{371EA980-1584-42AB-B5E6-BC58497EE378}.Release|Any CPU.Build.0 = Release|Any CPU
		{19F1E154-55CA-4EFE-8905-20F328922581}.Debug|Any CPU.ActiveCfg = Debug|Any CPU
		{19F1E154-55CA-4EFE-8905-20F328922581}.Debug|Any CPU.Build.0 = Debug|Any CPU
		{19F1E154-55CA-4EFE-8905-20F328922581}.Release|Any CPU.ActiveCfg = Release|Any CPU
		{19F1E154-55CA-4EFE-8905-20F328922581}.Release|Any CPU.Build.0 = Release|Any CPU
		{497A5F6F-B4C2-40CA-8029-6AD4329D8B63}.Debug|Any CPU.ActiveCfg = Debug|Any CPU
		{497A5F6F-B4C2-40CA-8029-6AD4329D8B63}.Debug|Any CPU.Build.0 = Debug|Any CPU
		{497A5F6F-B4C2-40CA-8029-6AD4329D8B63}.Release|Any CPU.ActiveCfg = Release|Any CPU
		{497A5F6F-B4C2-40CA-8029-6AD4329D8B63}.Release|Any CPU.Build.0 = Release|Any CPU
	EndGlobalSection
	GlobalSection(SolutionProperties) = preSolution
		HideSolutionNode = FALSE
	EndGlobalSection
	GlobalSection(ExtensibilityGlobals) = postSolution
		SolutionGuid = {10FB47B9-2006-4078-9FA4-5C6F0677D0A0}
	EndGlobalSection
EndGlobal
